
Microsoft Visual Studio Solution File, Format Version 12.00
# Visual Studio 15
VisualStudioVersion = 15.0.27130.2010
MinimumVisualStudioVersion = 10.0.40219.1
Project("{9A19103F-16F7-4668-BE54-9A1E7A4F7556}") = "LearnWithVIP", "LearnWithVIP\LearnWithVIP.csproj", "{4E3C0147-FF22-4B12-BA6F-01864762CC25}"
EndProject
Project("{2150E333-8FDC-42A3-9474-1A3956D46DE8}") = "DesignPatterns", "DesignPatterns", "{E0166828-8E3F-49D3-BBAB-F6EC82712AEF}"
EndProject
Project("{2150E333-8FDC-42A3-9474-1A3956D46DE8}") = "CompanyCodingProblems", "CompanyCodingProblems", "{37EAC78A-EDAB-427B-82E1-40C9F2E4F5F9}"
EndProject
Project("{FAE04EC0-301F-11D3-BF4B-00C04F79EFBC}") = "CodingProblems", "CompanyCodingProblems\CodingProblems.csproj", "{D4329D19-0AE3-4D82-9897-F11DCB3DE19F}"
EndProject
Project("{FAE04EC0-301F-11D3-BF4B-00C04F79EFBC}") = "CodingProblemsTests", "CodingProblemsTests\CodingProblemsTests.csproj", "{AACC799D-7E02-47CF-8646-82C7BFD2D26B}"
EndProject
Global
	GlobalSection(SolutionConfigurationPlatforms) = preSolution
		Debug|Any CPU = Debug|Any CPU
		Release|Any CPU = Release|Any CPU
	EndGlobalSection
	GlobalSection(ProjectConfigurationPlatforms) = postSolution
		{4E3C0147-FF22-4B12-BA6F-01864762CC25}.Debug|Any CPU.ActiveCfg = Debug|Any CPU
		{4E3C0147-FF22-4B12-BA6F-01864762CC25}.Debug|Any CPU.Build.0 = Debug|Any CPU
		{4E3C0147-FF22-4B12-BA6F-01864762CC25}.Release|Any CPU.ActiveCfg = Release|Any CPU
		{4E3C0147-FF22-4B12-BA6F-01864762CC25}.Release|Any CPU.Build.0 = Release|Any CPU
		{D4329D19-0AE3-4D82-9897-F11DCB3DE19F}.Debug|Any CPU.ActiveCfg = Debug|Any CPU
		{D4329D19-0AE3-4D82-9897-F11DCB3DE19F}.Debug|Any CPU.Build.0 = Debug|Any CPU
		{D4329D19-0AE3-4D82-9897-F11DCB3DE19F}.Release|Any CPU.ActiveCfg = Release|Any CPU
		{D4329D19-0AE3-4D82-9897-F11DCB3DE19F}.Release|Any CPU.Build.0 = Release|Any CPU
		{AACC799D-7E02-47CF-8646-82C7BFD2D26B}.Debug|Any CPU.ActiveCfg = Debug|Any CPU
		{AACC799D-7E02-47CF-8646-82C7BFD2D26B}.Debug|Any CPU.Build.0 = Debug|Any CPU
		{AACC799D-7E02-47CF-8646-82C7BFD2D26B}.Release|Any CPU.ActiveCfg = Release|Any CPU
		{AACC799D-7E02-47CF-8646-82C7BFD2D26B}.Release|Any CPU.Build.0 = Release|Any CPU
	EndGlobalSection
	GlobalSection(SolutionProperties) = preSolution
		HideSolutionNode = FALSE
	EndGlobalSection
	GlobalSection(NestedProjects) = preSolution
		{D4329D19-0AE3-4D82-9897-F11DCB3DE19F} = {37EAC78A-EDAB-427B-82E1-40C9F2E4F5F9}
		{AACC799D-7E02-47CF-8646-82C7BFD2D26B} = {37EAC78A-EDAB-427B-82E1-40C9F2E4F5F9}
	EndGlobalSection
	GlobalSection(ExtensibilityGlobals) = postSolution
		SolutionGuid = {3A85673B-2DCB-4CD3-A2FB-15954019A401}
	EndGlobalSection
EndGlobal
