
Microsoft Visual Studio Solution File, Format Version 12.00
# Visual Studio Version 16
VisualStudioVersion = 16.0.29326.143
MinimumVisualStudioVersion = 10.0.40219.1
Project("{2150E333-8FDC-42A3-9474-1A3956D46DE8}") = "DesignPatterns", "DesignPatterns", "{E0166828-8E3F-49D3-BBAB-F6EC82712AEF}"
EndProject
Project("{2150E333-8FDC-42A3-9474-1A3956D46DE8}") = "CompanyCodingProblems", "CompanyCodingProblems", "{37EAC78A-EDAB-427B-82E1-40C9F2E4F5F9}"
EndProject
Project("{9A19103F-16F7-4668-BE54-9A1E7A4F7556}") = "CodingProblems", "CompanyCodingProblems\CodingProblems.csproj", "{D4329D19-0AE3-4D82-9897-F11DCB3DE19F}"
EndProject
Project("{9A19103F-16F7-4668-BE54-9A1E7A4F7556}") = "CodingProblemsTests", "CodingProblemsTests\CodingProblemsTests.csproj", "{AACC799D-7E02-47CF-8646-82C7BFD2D26B}"
EndProject
Project("{2150E333-8FDC-42A3-9474-1A3956D46DE8}") = "DataStructure", "DataStructure", "{53CD771C-2A06-411D-8575-1FCDE6355018}"
EndProject
Project("{9A19103F-16F7-4668-BE54-9A1E7A4F7556}") = "DataStructure", "DataStructure\Searching\DataStructure.csproj", "{47D475EF-A20E-4CCE-98AE-F86B0B62C7DE}"
EndProject
Project("{9A19103F-16F7-4668-BE54-9A1E7A4F7556}") = "DataStructureTests", "DataStructure\DataStructureTests\DataStructureTests.csproj", "{7047A88E-6364-433E-9087-98B9E8353E6D}"
EndProject
Project("{2150E333-8FDC-42A3-9474-1A3956D46DE8}") = "DrawPatterns", "DrawPatterns", "{AA2D7A92-BF84-4F60-B173-87453E86BF9C}"
EndProject
Project("{FAE04EC0-301F-11D3-BF4B-00C04F79EFBC}") = "IndianMap", "DrawPatterns\IndianMap\IndianMap.csproj", "{C4758078-FBCC-4FEB-9C95-AC0C4001063D}"
EndProject
Project("{2150E333-8FDC-42A3-9474-1A3956D46DE8}") = "TrickyOutput", "TrickyOutput", "{A6C4F343-EA4A-4567-B34E-17A1579C2D23}"
EndProject
Project("{FAE04EC0-301F-11D3-BF4B-00C04F79EFBC}") = "TrickyOutput", "TrickyOutput\TrickyOutput.csproj", "{51566FDA-CD8D-4A93-917E-8B0E63267C9B}"
EndProject
Project("{2150E333-8FDC-42A3-9474-1A3956D46DE8}") = "Common", "Common", "{5B1FFBC9-7D59-4563-8731-C6B21CF78018}"
EndProject
Project("{FAE04EC0-301F-11D3-BF4B-00C04F79EFBC}") = "Common", "Common\Common\Common.csproj", "{EB37143D-CEE6-44AD-8B22-07CB81DEC880}"
EndProject
Project("{2150E333-8FDC-42A3-9474-1A3956D46DE8}") = "LINQ", "LINQ", "{FCEB1937-6341-414D-995F-6AB0D98EC163}"
EndProject
Project("{9A19103F-16F7-4668-BE54-9A1E7A4F7556}") = "LINQTests", "LINQ\LINQTests\LINQTests.csproj", "{62DC179D-6FAE-4B11-A022-0DB0AF3288B0}"
EndProject
Project("{FAE04EC0-301F-11D3-BF4B-00C04F79EFBC}") = "LINQ", "LINQ\LINQ\LINQ.csproj", "{8170EAFC-A5F5-47BE-AD1E-50E901F704D7}"
EndProject
Project("{FAE04EC0-301F-11D3-BF4B-00C04F79EFBC}") = "Models", "Common\Models\Models.csproj", "{8AB1D29C-19CC-41F7-818B-1A2F777C2ABB}"
EndProject
Project("{2150E333-8FDC-42A3-9474-1A3956D46DE8}") = "Docs", "Docs", "{21E83138-AF02-48E9-9F43-2E47D31FE5BC}"
EndProject
Project("{2150E333-8FDC-42A3-9474-1A3956D46DE8}") = "JavaScript", "JavaScript", "{F9F8BA36-B73B-4A39-B118-4569C5F57AAF}"
	ProjectSection(SolutionItems) = preProject
		Docs\JavaScript\Inheritance.txt = Docs\JavaScript\Inheritance.txt
		Docs\JavaScript\Regex.txt = Docs\JavaScript\Regex.txt
		Docs\JavaScript\StringFunctions.txt = Docs\JavaScript\StringFunctions.txt
	EndProjectSection
EndProject
Project("{2150E333-8FDC-42A3-9474-1A3956D46DE8}") = "CSharpConcepts", "CSharpConcepts", "{B21D20ED-7B86-4E12-A84B-5D03FD94A417}"
EndProject
Project("{2150E333-8FDC-42A3-9474-1A3956D46DE8}") = "GenericCollections", "GenericCollections", "{D01B6E9C-19FE-4D8C-A664-F1DBC3EB94D3}"
EndProject
Project("{FAE04EC0-301F-11D3-BF4B-00C04F79EFBC}") = "GenericCollections", "CSharpConcepts\GenericCollections\GenericCollections.csproj", "{3C430E64-7403-4136-950B-70FC54611AC1}"
EndProject
Project("{FAE04EC0-301F-11D3-BF4B-00C04F79EFBC}") = "CSharpConcepts", "CSharpConcepts\CSharpConcepts\CSharpConcepts.csproj", "{80979EEE-84B7-4EF6-917C-952B17FB6002}"
EndProject
Project("{2150E333-8FDC-42A3-9474-1A3956D46DE8}") = "CreationalDesignPatterns", "CreationalDesignPatterns", "{CF1CAD0D-30F4-4366-8C51-B025F03001AA}"
EndProject
Project("{FAE04EC0-301F-11D3-BF4B-00C04F79EFBC}") = "AbstractFactory", "DesignPatterns\CreationalDesignPatterns\AbstractFactory\AbstractFactory.csproj", "{486826BB-3F72-4378-A73E-7CF344B0D998}"
EndProject
Project("{FAE04EC0-301F-11D3-BF4B-00C04F79EFBC}") = "Inheritance", "TrickyOutput\Inheritance\Inheritance.csproj", "{EF7687DB-0189-4A55-96B1-BFF424A60FE5}"
EndProject
Project("{FAE04EC0-301F-11D3-BF4B-00C04F79EFBC}") = "FactoryMethod", "DesignPatterns\CreationalDesignPatterns\FactoryMethod\FactoryMethod.csproj", "{241EA4F0-6B8E-436C-B9BC-4FAACABAFFB1}"
EndProject
Project("{FAE04EC0-301F-11D3-BF4B-00C04F79EFBC}") = "SimpleFactory", "DesignPatterns\CreationalDesignPatterns\SimpleFactory\SimpleFactory.csproj", "{D52B20E3-0963-442E-836D-87D03C40AC0C}"
EndProject
Project("{9A19103F-16F7-4668-BE54-9A1E7A4F7556}") = "CSharpConceptsTests", "CSharpConcepts\CSharpConceptsTests\CSharpConceptsTests.csproj", "{CFE5BB81-6FA9-46C6-913B-BAC35B2CBEA5}"
EndProject
Project("{2150E333-8FDC-42A3-9474-1A3956D46DE8}") = "Threading", "Threading", "{32BB194F-7665-4018-9960-FFBC45231FCB}"
EndProject
Project("{FAE04EC0-301F-11D3-BF4B-00C04F79EFBC}") = "AutoResetEventEx", "Threading\AutoResetEventEx\AutoResetEventEx.csproj", "{F294DE12-D3FE-4531-9F86-130CB019365D}"
EndProject
Project("{FAE04EC0-301F-11D3-BF4B-00C04F79EFBC}") = "MonitorExWithOddEvenSequence", "Threading\MonitorExWithOddEvenSequence\MonitorExWithOddEvenSequence.csproj", "{CBB21B21-A58C-4B8F-B4C9-9CB510D58C6A}"
EndProject
Project("{2150E333-8FDC-42A3-9474-1A3956D46DE8}") = "BehavioralDesignPatterns", "BehavioralDesignPatterns", "{9AE4F390-BDAC-4945-8923-EB6E118B01E8}"
EndProject
Project("{FAE04EC0-301F-11D3-BF4B-00C04F79EFBC}") = "MediatorEx", "DesignPatterns\BehavioralDesignPatterns\MediatorEx\MediatorEx.csproj", "{65558963-937C-4631-9E80-A1E850A1142B}"
EndProject
Project("{FAE04EC0-301F-11D3-BF4B-00C04F79EFBC}") = "StrategyDesignPattern1", "DesignPatterns\BehavioralDesignPatterns\StrategyDesignPattern1\StrategyDesignPattern1.csproj", "{E3BAAC20-0FB0-4571-B5CC-8657F19A459A}"
EndProject
Project("{FAE04EC0-301F-11D3-BF4B-00C04F79EFBC}") = "StrategyDesignPattern2", "DesignPatterns\BehavioralDesignPatterns\StrategyDesignPattern2\StrategyDesignPattern2.csproj", "{85956170-BE80-46B0-8D55-F4D01CB193D4}"
EndProject
Project("{FAE04EC0-301F-11D3-BF4B-00C04F79EFBC}") = "ChainOfResponsibility1", "DesignPatterns\BehavioralDesignPatterns\ChainOfResponsibility1\ChainOfResponsibility1.csproj", "{CC7A419B-5194-4398-A4F2-470A95248CBC}"
EndProject
Project("{FAE04EC0-301F-11D3-BF4B-00C04F79EFBC}") = "ChainOfResponsibility2", "DesignPatterns\BehavioralDesignPatterns\ChainOfResponsibility2\ChainOfResponsibility2.csproj", "{8B4432C9-B97F-46C2-ACDE-CAF7A9A26650}"
EndProject
Project("{FAE04EC0-301F-11D3-BF4B-00C04F79EFBC}") = "StateDesignPattern_ATM", "DesignPatterns\BehavioralDesignPatterns\StateDesignPattern_ATM\StateDesignPattern_ATM.csproj", "{E0D238E8-CACA-4A90-BCB1-5C289AB2346F}"
EndProject
Project("{FAE04EC0-301F-11D3-BF4B-00C04F79EFBC}") = "StateDesignPattern_CarChangingGears", "DesignPatterns\BehavioralDesignPatterns\StateDesignPattern_CarChangingGears\StateDesignPattern_CarChangingGears.csproj", "{DE892B0C-0B06-43D8-9DB9-40F2195ADF11}"
EndProject
Project("{FAE04EC0-301F-11D3-BF4B-00C04F79EFBC}") = "AsyncAwaitEx", "Threading\AsyncAwaitEx\AsyncAwaitEx.csproj", "{FAD6410D-7ECF-4344-9C95-72438305260C}"
EndProject
Project("{FAE04EC0-301F-11D3-BF4B-00C04F79EFBC}") = "AsyncExceptions", "Threading\AsyncExceptions\AsyncExceptions.csproj", "{49F0C461-AA0A-450B-AC2D-B8CC28DE6548}"
EndProject
Global
	GlobalSection(SolutionConfigurationPlatforms) = preSolution
		Debug|Any CPU = Debug|Any CPU
		Release|Any CPU = Release|Any CPU
	EndGlobalSection
	GlobalSection(ProjectConfigurationPlatforms) = postSolution
		{D4329D19-0AE3-4D82-9897-F11DCB3DE19F}.Debug|Any CPU.ActiveCfg = Debug|Any CPU
		{D4329D19-0AE3-4D82-9897-F11DCB3DE19F}.Debug|Any CPU.Build.0 = Debug|Any CPU
		{D4329D19-0AE3-4D82-9897-F11DCB3DE19F}.Release|Any CPU.ActiveCfg = Release|Any CPU
		{D4329D19-0AE3-4D82-9897-F11DCB3DE19F}.Release|Any CPU.Build.0 = Release|Any CPU
		{AACC799D-7E02-47CF-8646-82C7BFD2D26B}.Debug|Any CPU.ActiveCfg = Debug|Any CPU
		{AACC799D-7E02-47CF-8646-82C7BFD2D26B}.Debug|Any CPU.Build.0 = Debug|Any CPU
		{AACC799D-7E02-47CF-8646-82C7BFD2D26B}.Release|Any CPU.ActiveCfg = Release|Any CPU
		{AACC799D-7E02-47CF-8646-82C7BFD2D26B}.Release|Any CPU.Build.0 = Release|Any CPU
		{47D475EF-A20E-4CCE-98AE-F86B0B62C7DE}.Debug|Any CPU.ActiveCfg = Debug|Any CPU
		{47D475EF-A20E-4CCE-98AE-F86B0B62C7DE}.Debug|Any CPU.Build.0 = Debug|Any CPU
		{47D475EF-A20E-4CCE-98AE-F86B0B62C7DE}.Release|Any CPU.ActiveCfg = Release|Any CPU
		{47D475EF-A20E-4CCE-98AE-F86B0B62C7DE}.Release|Any CPU.Build.0 = Release|Any CPU
		{7047A88E-6364-433E-9087-98B9E8353E6D}.Debug|Any CPU.ActiveCfg = Debug|Any CPU
		{7047A88E-6364-433E-9087-98B9E8353E6D}.Debug|Any CPU.Build.0 = Debug|Any CPU
		{7047A88E-6364-433E-9087-98B9E8353E6D}.Release|Any CPU.ActiveCfg = Release|Any CPU
		{7047A88E-6364-433E-9087-98B9E8353E6D}.Release|Any CPU.Build.0 = Release|Any CPU
		{C4758078-FBCC-4FEB-9C95-AC0C4001063D}.Debug|Any CPU.ActiveCfg = Debug|Any CPU
		{C4758078-FBCC-4FEB-9C95-AC0C4001063D}.Debug|Any CPU.Build.0 = Debug|Any CPU
		{C4758078-FBCC-4FEB-9C95-AC0C4001063D}.Release|Any CPU.ActiveCfg = Release|Any CPU
		{C4758078-FBCC-4FEB-9C95-AC0C4001063D}.Release|Any CPU.Build.0 = Release|Any CPU
		{51566FDA-CD8D-4A93-917E-8B0E63267C9B}.Debug|Any CPU.ActiveCfg = Debug|Any CPU
		{51566FDA-CD8D-4A93-917E-8B0E63267C9B}.Debug|Any CPU.Build.0 = Debug|Any CPU
		{51566FDA-CD8D-4A93-917E-8B0E63267C9B}.Release|Any CPU.ActiveCfg = Release|Any CPU
		{51566FDA-CD8D-4A93-917E-8B0E63267C9B}.Release|Any CPU.Build.0 = Release|Any CPU
		{EB37143D-CEE6-44AD-8B22-07CB81DEC880}.Debug|Any CPU.ActiveCfg = Debug|Any CPU
		{EB37143D-CEE6-44AD-8B22-07CB81DEC880}.Debug|Any CPU.Build.0 = Debug|Any CPU
		{EB37143D-CEE6-44AD-8B22-07CB81DEC880}.Release|Any CPU.ActiveCfg = Release|Any CPU
		{EB37143D-CEE6-44AD-8B22-07CB81DEC880}.Release|Any CPU.Build.0 = Release|Any CPU
		{62DC179D-6FAE-4B11-A022-0DB0AF3288B0}.Debug|Any CPU.ActiveCfg = Debug|Any CPU
		{62DC179D-6FAE-4B11-A022-0DB0AF3288B0}.Debug|Any CPU.Build.0 = Debug|Any CPU
		{62DC179D-6FAE-4B11-A022-0DB0AF3288B0}.Release|Any CPU.ActiveCfg = Release|Any CPU
		{62DC179D-6FAE-4B11-A022-0DB0AF3288B0}.Release|Any CPU.Build.0 = Release|Any CPU
		{8170EAFC-A5F5-47BE-AD1E-50E901F704D7}.Debug|Any CPU.ActiveCfg = Debug|Any CPU
		{8170EAFC-A5F5-47BE-AD1E-50E901F704D7}.Debug|Any CPU.Build.0 = Debug|Any CPU
		{8170EAFC-A5F5-47BE-AD1E-50E901F704D7}.Release|Any CPU.ActiveCfg = Release|Any CPU
		{8170EAFC-A5F5-47BE-AD1E-50E901F704D7}.Release|Any CPU.Build.0 = Release|Any CPU
		{8AB1D29C-19CC-41F7-818B-1A2F777C2ABB}.Debug|Any CPU.ActiveCfg = Debug|Any CPU
		{8AB1D29C-19CC-41F7-818B-1A2F777C2ABB}.Debug|Any CPU.Build.0 = Debug|Any CPU
		{8AB1D29C-19CC-41F7-818B-1A2F777C2ABB}.Release|Any CPU.ActiveCfg = Release|Any CPU
		{8AB1D29C-19CC-41F7-818B-1A2F777C2ABB}.Release|Any CPU.Build.0 = Release|Any CPU
		{3C430E64-7403-4136-950B-70FC54611AC1}.Debug|Any CPU.ActiveCfg = Debug|Any CPU
		{3C430E64-7403-4136-950B-70FC54611AC1}.Debug|Any CPU.Build.0 = Debug|Any CPU
		{3C430E64-7403-4136-950B-70FC54611AC1}.Release|Any CPU.ActiveCfg = Release|Any CPU
		{3C430E64-7403-4136-950B-70FC54611AC1}.Release|Any CPU.Build.0 = Release|Any CPU
		{80979EEE-84B7-4EF6-917C-952B17FB6002}.Debug|Any CPU.ActiveCfg = Debug|Any CPU
		{80979EEE-84B7-4EF6-917C-952B17FB6002}.Debug|Any CPU.Build.0 = Debug|Any CPU
		{80979EEE-84B7-4EF6-917C-952B17FB6002}.Release|Any CPU.ActiveCfg = Release|Any CPU
		{80979EEE-84B7-4EF6-917C-952B17FB6002}.Release|Any CPU.Build.0 = Release|Any CPU
		{486826BB-3F72-4378-A73E-7CF344B0D998}.Debug|Any CPU.ActiveCfg = Debug|Any CPU
		{486826BB-3F72-4378-A73E-7CF344B0D998}.Debug|Any CPU.Build.0 = Debug|Any CPU
		{486826BB-3F72-4378-A73E-7CF344B0D998}.Release|Any CPU.ActiveCfg = Release|Any CPU
		{486826BB-3F72-4378-A73E-7CF344B0D998}.Release|Any CPU.Build.0 = Release|Any CPU
		{EF7687DB-0189-4A55-96B1-BFF424A60FE5}.Debug|Any CPU.ActiveCfg = Debug|Any CPU
		{EF7687DB-0189-4A55-96B1-BFF424A60FE5}.Debug|Any CPU.Build.0 = Debug|Any CPU
		{EF7687DB-0189-4A55-96B1-BFF424A60FE5}.Release|Any CPU.ActiveCfg = Release|Any CPU
		{EF7687DB-0189-4A55-96B1-BFF424A60FE5}.Release|Any CPU.Build.0 = Release|Any CPU
		{241EA4F0-6B8E-436C-B9BC-4FAACABAFFB1}.Debug|Any CPU.ActiveCfg = Debug|Any CPU
		{241EA4F0-6B8E-436C-B9BC-4FAACABAFFB1}.Debug|Any CPU.Build.0 = Debug|Any CPU
		{241EA4F0-6B8E-436C-B9BC-4FAACABAFFB1}.Release|Any CPU.ActiveCfg = Release|Any CPU
		{241EA4F0-6B8E-436C-B9BC-4FAACABAFFB1}.Release|Any CPU.Build.0 = Release|Any CPU
		{D52B20E3-0963-442E-836D-87D03C40AC0C}.Debug|Any CPU.ActiveCfg = Debug|Any CPU
		{D52B20E3-0963-442E-836D-87D03C40AC0C}.Debug|Any CPU.Build.0 = Debug|Any CPU
		{D52B20E3-0963-442E-836D-87D03C40AC0C}.Release|Any CPU.ActiveCfg = Release|Any CPU
		{D52B20E3-0963-442E-836D-87D03C40AC0C}.Release|Any CPU.Build.0 = Release|Any CPU
		{CFE5BB81-6FA9-46C6-913B-BAC35B2CBEA5}.Debug|Any CPU.ActiveCfg = Debug|Any CPU
		{CFE5BB81-6FA9-46C6-913B-BAC35B2CBEA5}.Debug|Any CPU.Build.0 = Debug|Any CPU
		{CFE5BB81-6FA9-46C6-913B-BAC35B2CBEA5}.Release|Any CPU.ActiveCfg = Release|Any CPU
		{CFE5BB81-6FA9-46C6-913B-BAC35B2CBEA5}.Release|Any CPU.Build.0 = Release|Any CPU
		{F294DE12-D3FE-4531-9F86-130CB019365D}.Debug|Any CPU.ActiveCfg = Debug|Any CPU
		{F294DE12-D3FE-4531-9F86-130CB019365D}.Debug|Any CPU.Build.0 = Debug|Any CPU
		{F294DE12-D3FE-4531-9F86-130CB019365D}.Release|Any CPU.ActiveCfg = Release|Any CPU
		{F294DE12-D3FE-4531-9F86-130CB019365D}.Release|Any CPU.Build.0 = Release|Any CPU
		{CBB21B21-A58C-4B8F-B4C9-9CB510D58C6A}.Debug|Any CPU.ActiveCfg = Debug|Any CPU
		{CBB21B21-A58C-4B8F-B4C9-9CB510D58C6A}.Debug|Any CPU.Build.0 = Debug|Any CPU
		{CBB21B21-A58C-4B8F-B4C9-9CB510D58C6A}.Release|Any CPU.ActiveCfg = Release|Any CPU
		{CBB21B21-A58C-4B8F-B4C9-9CB510D58C6A}.Release|Any CPU.Build.0 = Release|Any CPU
		{65558963-937C-4631-9E80-A1E850A1142B}.Debug|Any CPU.ActiveCfg = Debug|Any CPU
		{65558963-937C-4631-9E80-A1E850A1142B}.Debug|Any CPU.Build.0 = Debug|Any CPU
		{65558963-937C-4631-9E80-A1E850A1142B}.Release|Any CPU.ActiveCfg = Release|Any CPU
		{65558963-937C-4631-9E80-A1E850A1142B}.Release|Any CPU.Build.0 = Release|Any CPU
		{E3BAAC20-0FB0-4571-B5CC-8657F19A459A}.Debug|Any CPU.ActiveCfg = Debug|Any CPU
		{E3BAAC20-0FB0-4571-B5CC-8657F19A459A}.Debug|Any CPU.Build.0 = Debug|Any CPU
		{E3BAAC20-0FB0-4571-B5CC-8657F19A459A}.Release|Any CPU.ActiveCfg = Release|Any CPU
		{E3BAAC20-0FB0-4571-B5CC-8657F19A459A}.Release|Any CPU.Build.0 = Release|Any CPU
		{85956170-BE80-46B0-8D55-F4D01CB193D4}.Debug|Any CPU.ActiveCfg = Debug|Any CPU
		{85956170-BE80-46B0-8D55-F4D01CB193D4}.Debug|Any CPU.Build.0 = Debug|Any CPU
		{85956170-BE80-46B0-8D55-F4D01CB193D4}.Release|Any CPU.ActiveCfg = Release|Any CPU
		{85956170-BE80-46B0-8D55-F4D01CB193D4}.Release|Any CPU.Build.0 = Release|Any CPU
		{CC7A419B-5194-4398-A4F2-470A95248CBC}.Debug|Any CPU.ActiveCfg = Debug|Any CPU
		{CC7A419B-5194-4398-A4F2-470A95248CBC}.Debug|Any CPU.Build.0 = Debug|Any CPU
		{CC7A419B-5194-4398-A4F2-470A95248CBC}.Release|Any CPU.ActiveCfg = Release|Any CPU
		{CC7A419B-5194-4398-A4F2-470A95248CBC}.Release|Any CPU.Build.0 = Release|Any CPU
		{8B4432C9-B97F-46C2-ACDE-CAF7A9A26650}.Debug|Any CPU.ActiveCfg = Debug|Any CPU
		{8B4432C9-B97F-46C2-ACDE-CAF7A9A26650}.Debug|Any CPU.Build.0 = Debug|Any CPU
		{8B4432C9-B97F-46C2-ACDE-CAF7A9A26650}.Release|Any CPU.ActiveCfg = Release|Any CPU
		{8B4432C9-B97F-46C2-ACDE-CAF7A9A26650}.Release|Any CPU.Build.0 = Release|Any CPU
		{E0D238E8-CACA-4A90-BCB1-5C289AB2346F}.Debug|Any CPU.ActiveCfg = Debug|Any CPU
		{E0D238E8-CACA-4A90-BCB1-5C289AB2346F}.Debug|Any CPU.Build.0 = Debug|Any CPU
		{E0D238E8-CACA-4A90-BCB1-5C289AB2346F}.Release|Any CPU.ActiveCfg = Release|Any CPU
		{E0D238E8-CACA-4A90-BCB1-5C289AB2346F}.Release|Any CPU.Build.0 = Release|Any CPU
		{DE892B0C-0B06-43D8-9DB9-40F2195ADF11}.Debug|Any CPU.ActiveCfg = Debug|Any CPU
		{DE892B0C-0B06-43D8-9DB9-40F2195ADF11}.Debug|Any CPU.Build.0 = Debug|Any CPU
		{DE892B0C-0B06-43D8-9DB9-40F2195ADF11}.Release|Any CPU.ActiveCfg = Release|Any CPU
		{DE892B0C-0B06-43D8-9DB9-40F2195ADF11}.Release|Any CPU.Build.0 = Release|Any CPU
		{FAD6410D-7ECF-4344-9C95-72438305260C}.Debug|Any CPU.ActiveCfg = Debug|Any CPU
		{FAD6410D-7ECF-4344-9C95-72438305260C}.Debug|Any CPU.Build.0 = Debug|Any CPU
		{FAD6410D-7ECF-4344-9C95-72438305260C}.Release|Any CPU.ActiveCfg = Release|Any CPU
		{FAD6410D-7ECF-4344-9C95-72438305260C}.Release|Any CPU.Build.0 = Release|Any CPU
		{49F0C461-AA0A-450B-AC2D-B8CC28DE6548}.Debug|Any CPU.ActiveCfg = Debug|Any CPU
		{49F0C461-AA0A-450B-AC2D-B8CC28DE6548}.Debug|Any CPU.Build.0 = Debug|Any CPU
		{49F0C461-AA0A-450B-AC2D-B8CC28DE6548}.Release|Any CPU.ActiveCfg = Release|Any CPU
		{49F0C461-AA0A-450B-AC2D-B8CC28DE6548}.Release|Any CPU.Build.0 = Release|Any CPU
	EndGlobalSection
	GlobalSection(SolutionProperties) = preSolution
		HideSolutionNode = FALSE
	EndGlobalSection
	GlobalSection(NestedProjects) = preSolution
		{D4329D19-0AE3-4D82-9897-F11DCB3DE19F} = {37EAC78A-EDAB-427B-82E1-40C9F2E4F5F9}
		{AACC799D-7E02-47CF-8646-82C7BFD2D26B} = {37EAC78A-EDAB-427B-82E1-40C9F2E4F5F9}
		{47D475EF-A20E-4CCE-98AE-F86B0B62C7DE} = {53CD771C-2A06-411D-8575-1FCDE6355018}
		{7047A88E-6364-433E-9087-98B9E8353E6D} = {53CD771C-2A06-411D-8575-1FCDE6355018}
		{C4758078-FBCC-4FEB-9C95-AC0C4001063D} = {AA2D7A92-BF84-4F60-B173-87453E86BF9C}
		{51566FDA-CD8D-4A93-917E-8B0E63267C9B} = {A6C4F343-EA4A-4567-B34E-17A1579C2D23}
		{EB37143D-CEE6-44AD-8B22-07CB81DEC880} = {5B1FFBC9-7D59-4563-8731-C6B21CF78018}
		{62DC179D-6FAE-4B11-A022-0DB0AF3288B0} = {FCEB1937-6341-414D-995F-6AB0D98EC163}
		{8170EAFC-A5F5-47BE-AD1E-50E901F704D7} = {FCEB1937-6341-414D-995F-6AB0D98EC163}
		{8AB1D29C-19CC-41F7-818B-1A2F777C2ABB} = {5B1FFBC9-7D59-4563-8731-C6B21CF78018}
		{F9F8BA36-B73B-4A39-B118-4569C5F57AAF} = {21E83138-AF02-48E9-9F43-2E47D31FE5BC}
		{D01B6E9C-19FE-4D8C-A664-F1DBC3EB94D3} = {B21D20ED-7B86-4E12-A84B-5D03FD94A417}
		{3C430E64-7403-4136-950B-70FC54611AC1} = {D01B6E9C-19FE-4D8C-A664-F1DBC3EB94D3}
		{80979EEE-84B7-4EF6-917C-952B17FB6002} = {B21D20ED-7B86-4E12-A84B-5D03FD94A417}
		{CF1CAD0D-30F4-4366-8C51-B025F03001AA} = {E0166828-8E3F-49D3-BBAB-F6EC82712AEF}
		{486826BB-3F72-4378-A73E-7CF344B0D998} = {CF1CAD0D-30F4-4366-8C51-B025F03001AA}
		{EF7687DB-0189-4A55-96B1-BFF424A60FE5} = {A6C4F343-EA4A-4567-B34E-17A1579C2D23}
		{241EA4F0-6B8E-436C-B9BC-4FAACABAFFB1} = {CF1CAD0D-30F4-4366-8C51-B025F03001AA}
		{D52B20E3-0963-442E-836D-87D03C40AC0C} = {CF1CAD0D-30F4-4366-8C51-B025F03001AA}
		{CFE5BB81-6FA9-46C6-913B-BAC35B2CBEA5} = {B21D20ED-7B86-4E12-A84B-5D03FD94A417}
		{F294DE12-D3FE-4531-9F86-130CB019365D} = {32BB194F-7665-4018-9960-FFBC45231FCB}
		{CBB21B21-A58C-4B8F-B4C9-9CB510D58C6A} = {32BB194F-7665-4018-9960-FFBC45231FCB}
		{9AE4F390-BDAC-4945-8923-EB6E118B01E8} = {E0166828-8E3F-49D3-BBAB-F6EC82712AEF}
		{65558963-937C-4631-9E80-A1E850A1142B} = {9AE4F390-BDAC-4945-8923-EB6E118B01E8}
		{E3BAAC20-0FB0-4571-B5CC-8657F19A459A} = {9AE4F390-BDAC-4945-8923-EB6E118B01E8}
		{85956170-BE80-46B0-8D55-F4D01CB193D4} = {9AE4F390-BDAC-4945-8923-EB6E118B01E8}
		{CC7A419B-5194-4398-A4F2-470A95248CBC} = {9AE4F390-BDAC-4945-8923-EB6E118B01E8}
		{8B4432C9-B97F-46C2-ACDE-CAF7A9A26650} = {9AE4F390-BDAC-4945-8923-EB6E118B01E8}
		{E0D238E8-CACA-4A90-BCB1-5C289AB2346F} = {9AE4F390-BDAC-4945-8923-EB6E118B01E8}
		{DE892B0C-0B06-43D8-9DB9-40F2195ADF11} = {9AE4F390-BDAC-4945-8923-EB6E118B01E8}
		{FAD6410D-7ECF-4344-9C95-72438305260C} = {32BB194F-7665-4018-9960-FFBC45231FCB}
		{49F0C461-AA0A-450B-AC2D-B8CC28DE6548} = {32BB194F-7665-4018-9960-FFBC45231FCB}
	EndGlobalSection
	GlobalSection(ExtensibilityGlobals) = postSolution
		SolutionGuid = {3A85673B-2DCB-4CD3-A2FB-15954019A401}
	EndGlobalSection
EndGlobal
