
Microsoft Visual Studio Solution File, Format Version 12.00
# Visual Studio 15
VisualStudioVersion = 15.0.27130.2010
MinimumVisualStudioVersion = 10.0.40219.1
Project("{2150E333-8FDC-42A3-9474-1A3956D46DE8}") = "DesignPatterns", "DesignPatterns", "{E0166828-8E3F-49D3-BBAB-F6EC82712AEF}"
EndProject
Project("{2150E333-8FDC-42A3-9474-1A3956D46DE8}") = "CompanyCodingProblems", "CompanyCodingProblems", "{37EAC78A-EDAB-427B-82E1-40C9F2E4F5F9}"
EndProject
Project("{9A19103F-16F7-4668-BE54-9A1E7A4F7556}") = "CodingProblems", "CompanyCodingProblems\CodingProblems.csproj", "{D4329D19-0AE3-4D82-9897-F11DCB3DE19F}"
EndProject
Project("{9A19103F-16F7-4668-BE54-9A1E7A4F7556}") = "CodingProblemsTests", "CodingProblemsTests\CodingProblemsTests.csproj", "{AACC799D-7E02-47CF-8646-82C7BFD2D26B}"
EndProject
Project("{2150E333-8FDC-42A3-9474-1A3956D46DE8}") = "DataStructure", "DataStructure", "{53CD771C-2A06-411D-8575-1FCDE6355018}"
EndProject
Project("{9A19103F-16F7-4668-BE54-9A1E7A4F7556}") = "DataStructure", "DataStructure\Searching\DataStructure.csproj", "{47D475EF-A20E-4CCE-98AE-F86B0B62C7DE}"
EndProject
Project("{9A19103F-16F7-4668-BE54-9A1E7A4F7556}") = "DataStructureTests", "DataStructure\DataStructureTests\DataStructureTests.csproj", "{7047A88E-6364-433E-9087-98B9E8353E6D}"
EndProject
Project("{2150E333-8FDC-42A3-9474-1A3956D46DE8}") = "DrawPatterns", "DrawPatterns", "{AA2D7A92-BF84-4F60-B173-87453E86BF9C}"
EndProject
Project("{FAE04EC0-301F-11D3-BF4B-00C04F79EFBC}") = "IndianMap", "DrawPatterns\IndianMap\IndianMap.csproj", "{C4758078-FBCC-4FEB-9C95-AC0C4001063D}"
EndProject
Project("{2150E333-8FDC-42A3-9474-1A3956D46DE8}") = "TrickyOutput", "TrickyOutput", "{A6C4F343-EA4A-4567-B34E-17A1579C2D23}"
EndProject
Project("{FAE04EC0-301F-11D3-BF4B-00C04F79EFBC}") = "TrickyOutput", "TrickyOutput\TrickyOutput.csproj", "{51566FDA-CD8D-4A93-917E-8B0E63267C9B}"
EndProject
Project("{2150E333-8FDC-42A3-9474-1A3956D46DE8}") = "Common", "Common", "{5B1FFBC9-7D59-4563-8731-C6B21CF78018}"
EndProject
Project("{FAE04EC0-301F-11D3-BF4B-00C04F79EFBC}") = "Common", "Common\Common\Common.csproj", "{EB37143D-CEE6-44AD-8B22-07CB81DEC880}"
EndProject
Project("{2150E333-8FDC-42A3-9474-1A3956D46DE8}") = "LINQ", "LINQ", "{FCEB1937-6341-414D-995F-6AB0D98EC163}"
EndProject
Project("{9A19103F-16F7-4668-BE54-9A1E7A4F7556}") = "LINQTests", "LINQ\LINQTests\LINQTests.csproj", "{62DC179D-6FAE-4B11-A022-0DB0AF3288B0}"
EndProject
Project("{FAE04EC0-301F-11D3-BF4B-00C04F79EFBC}") = "LINQ", "LINQ\LINQ\LINQ.csproj", "{8170EAFC-A5F5-47BE-AD1E-50E901F704D7}"
EndProject
Project("{FAE04EC0-301F-11D3-BF4B-00C04F79EFBC}") = "Models", "Common\Models\Models.csproj", "{8AB1D29C-19CC-41F7-818B-1A2F777C2ABB}"
EndProject
Project("{2150E333-8FDC-42A3-9474-1A3956D46DE8}") = "Docs", "Docs", "{21E83138-AF02-48E9-9F43-2E47D31FE5BC}"
EndProject
Project("{2150E333-8FDC-42A3-9474-1A3956D46DE8}") = "JavaScript", "JavaScript", "{F9F8BA36-B73B-4A39-B118-4569C5F57AAF}"
	ProjectSection(SolutionItems) = preProject
		Inheritance.txt = Inheritance.txt
		Regex.txt = Regex.txt
		StringFunctions.txt = StringFunctions.txt
	EndProjectSection
EndProject
Global
	GlobalSection(SolutionConfigurationPlatforms) = preSolution
		Debug|Any CPU = Debug|Any CPU
		Release|Any CPU = Release|Any CPU
	EndGlobalSection
	GlobalSection(ProjectConfigurationPlatforms) = postSolution
		{D4329D19-0AE3-4D82-9897-F11DCB3DE19F}.Debug|Any CPU.ActiveCfg = Debug|Any CPU
		{D4329D19-0AE3-4D82-9897-F11DCB3DE19F}.Debug|Any CPU.Build.0 = Debug|Any CPU
		{D4329D19-0AE3-4D82-9897-F11DCB3DE19F}.Release|Any CPU.ActiveCfg = Release|Any CPU
		{D4329D19-0AE3-4D82-9897-F11DCB3DE19F}.Release|Any CPU.Build.0 = Release|Any CPU
		{AACC799D-7E02-47CF-8646-82C7BFD2D26B}.Debug|Any CPU.ActiveCfg = Debug|Any CPU
		{AACC799D-7E02-47CF-8646-82C7BFD2D26B}.Debug|Any CPU.Build.0 = Debug|Any CPU
		{AACC799D-7E02-47CF-8646-82C7BFD2D26B}.Release|Any CPU.ActiveCfg = Release|Any CPU
		{AACC799D-7E02-47CF-8646-82C7BFD2D26B}.Release|Any CPU.Build.0 = Release|Any CPU
		{47D475EF-A20E-4CCE-98AE-F86B0B62C7DE}.Debug|Any CPU.ActiveCfg = Debug|Any CPU
		{47D475EF-A20E-4CCE-98AE-F86B0B62C7DE}.Debug|Any CPU.Build.0 = Debug|Any CPU
		{47D475EF-A20E-4CCE-98AE-F86B0B62C7DE}.Release|Any CPU.ActiveCfg = Release|Any CPU
		{47D475EF-A20E-4CCE-98AE-F86B0B62C7DE}.Release|Any CPU.Build.0 = Release|Any CPU
		{7047A88E-6364-433E-9087-98B9E8353E6D}.Debug|Any CPU.ActiveCfg = Debug|Any CPU
		{7047A88E-6364-433E-9087-98B9E8353E6D}.Debug|Any CPU.Build.0 = Debug|Any CPU
		{7047A88E-6364-433E-9087-98B9E8353E6D}.Release|Any CPU.ActiveCfg = Release|Any CPU
		{7047A88E-6364-433E-9087-98B9E8353E6D}.Release|Any CPU.Build.0 = Release|Any CPU
		{C4758078-FBCC-4FEB-9C95-AC0C4001063D}.Debug|Any CPU.ActiveCfg = Debug|Any CPU
		{C4758078-FBCC-4FEB-9C95-AC0C4001063D}.Debug|Any CPU.Build.0 = Debug|Any CPU
		{C4758078-FBCC-4FEB-9C95-AC0C4001063D}.Release|Any CPU.ActiveCfg = Release|Any CPU
		{C4758078-FBCC-4FEB-9C95-AC0C4001063D}.Release|Any CPU.Build.0 = Release|Any CPU
		{51566FDA-CD8D-4A93-917E-8B0E63267C9B}.Debug|Any CPU.ActiveCfg = Debug|Any CPU
		{51566FDA-CD8D-4A93-917E-8B0E63267C9B}.Debug|Any CPU.Build.0 = Debug|Any CPU
		{51566FDA-CD8D-4A93-917E-8B0E63267C9B}.Release|Any CPU.ActiveCfg = Release|Any CPU
		{51566FDA-CD8D-4A93-917E-8B0E63267C9B}.Release|Any CPU.Build.0 = Release|Any CPU
		{EB37143D-CEE6-44AD-8B22-07CB81DEC880}.Debug|Any CPU.ActiveCfg = Debug|Any CPU
		{EB37143D-CEE6-44AD-8B22-07CB81DEC880}.Debug|Any CPU.Build.0 = Debug|Any CPU
		{EB37143D-CEE6-44AD-8B22-07CB81DEC880}.Release|Any CPU.ActiveCfg = Release|Any CPU
		{EB37143D-CEE6-44AD-8B22-07CB81DEC880}.Release|Any CPU.Build.0 = Release|Any CPU
		{62DC179D-6FAE-4B11-A022-0DB0AF3288B0}.Debug|Any CPU.ActiveCfg = Debug|Any CPU
		{62DC179D-6FAE-4B11-A022-0DB0AF3288B0}.Debug|Any CPU.Build.0 = Debug|Any CPU
		{62DC179D-6FAE-4B11-A022-0DB0AF3288B0}.Release|Any CPU.ActiveCfg = Release|Any CPU
		{62DC179D-6FAE-4B11-A022-0DB0AF3288B0}.Release|Any CPU.Build.0 = Release|Any CPU
		{8170EAFC-A5F5-47BE-AD1E-50E901F704D7}.Debug|Any CPU.ActiveCfg = Debug|Any CPU
		{8170EAFC-A5F5-47BE-AD1E-50E901F704D7}.Debug|Any CPU.Build.0 = Debug|Any CPU
		{8170EAFC-A5F5-47BE-AD1E-50E901F704D7}.Release|Any CPU.ActiveCfg = Release|Any CPU
		{8170EAFC-A5F5-47BE-AD1E-50E901F704D7}.Release|Any CPU.Build.0 = Release|Any CPU
		{8AB1D29C-19CC-41F7-818B-1A2F777C2ABB}.Debug|Any CPU.ActiveCfg = Debug|Any CPU
		{8AB1D29C-19CC-41F7-818B-1A2F777C2ABB}.Debug|Any CPU.Build.0 = Debug|Any CPU
		{8AB1D29C-19CC-41F7-818B-1A2F777C2ABB}.Release|Any CPU.ActiveCfg = Release|Any CPU
		{8AB1D29C-19CC-41F7-818B-1A2F777C2ABB}.Release|Any CPU.Build.0 = Release|Any CPU
	EndGlobalSection
	GlobalSection(SolutionProperties) = preSolution
		HideSolutionNode = FALSE
	EndGlobalSection
	GlobalSection(NestedProjects) = preSolution
		{D4329D19-0AE3-4D82-9897-F11DCB3DE19F} = {37EAC78A-EDAB-427B-82E1-40C9F2E4F5F9}
		{AACC799D-7E02-47CF-8646-82C7BFD2D26B} = {37EAC78A-EDAB-427B-82E1-40C9F2E4F5F9}
		{47D475EF-A20E-4CCE-98AE-F86B0B62C7DE} = {53CD771C-2A06-411D-8575-1FCDE6355018}
		{7047A88E-6364-433E-9087-98B9E8353E6D} = {53CD771C-2A06-411D-8575-1FCDE6355018}
		{C4758078-FBCC-4FEB-9C95-AC0C4001063D} = {AA2D7A92-BF84-4F60-B173-87453E86BF9C}
		{51566FDA-CD8D-4A93-917E-8B0E63267C9B} = {A6C4F343-EA4A-4567-B34E-17A1579C2D23}
		{EB37143D-CEE6-44AD-8B22-07CB81DEC880} = {5B1FFBC9-7D59-4563-8731-C6B21CF78018}
		{62DC179D-6FAE-4B11-A022-0DB0AF3288B0} = {FCEB1937-6341-414D-995F-6AB0D98EC163}
		{8170EAFC-A5F5-47BE-AD1E-50E901F704D7} = {FCEB1937-6341-414D-995F-6AB0D98EC163}
		{8AB1D29C-19CC-41F7-818B-1A2F777C2ABB} = {5B1FFBC9-7D59-4563-8731-C6B21CF78018}
		{F9F8BA36-B73B-4A39-B118-4569C5F57AAF} = {21E83138-AF02-48E9-9F43-2E47D31FE5BC}
	EndGlobalSection
	GlobalSection(ExtensibilityGlobals) = postSolution
		SolutionGuid = {3A85673B-2DCB-4CD3-A2FB-15954019A401}
	EndGlobalSection
EndGlobal
